
Microsoft Visual Studio Solution File, Format Version 12.00
# Visual Studio Version 16
VisualStudioVersion = 16.0.31205.134
MinimumVisualStudioVersion = 10.0.40219.1
Project("{FAE04EC0-301F-11D3-BF4B-00C04F79EFBC}") = "Game_2._0", "Game 2_0\Game_2._0.csproj", "{33D32E0E-D781-42DB-8DEB-84293B4C00A2}"
EndProject
Global
	GlobalSection(SolutionConfigurationPlatforms) = preSolution
		Debug|Any CPU = Debug|Any CPU
		Release|Any CPU = Release|Any CPU
	EndGlobalSection
	GlobalSection(ProjectConfigurationPlatforms) = postSolution
		{33D32E0E-D781-42DB-8DEB-84293B4C00A2}.Debug|Any CPU.ActiveCfg = Debug|Any CPU
		{33D32E0E-D781-42DB-8DEB-84293B4C00A2}.Debug|Any CPU.Build.0 = Debug|Any CPU
		{33D32E0E-D781-42DB-8DEB-84293B4C00A2}.Release|Any CPU.ActiveCfg = Release|Any CPU
		{33D32E0E-D781-42DB-8DEB-84293B4C00A2}.Release|Any CPU.Build.0 = Release|Any CPU
	EndGlobalSection
	GlobalSection(SolutionProperties) = preSolution
		HideSolutionNode = FALSE
	EndGlobalSection
	GlobalSection(ExtensibilityGlobals) = postSolution
		SolutionGuid = {32EE3CF2-6B6B-4C18-BF33-FC77EBB4023D}
	EndGlobalSection
EndGlobal
